<?xml version="1.0" encoding="utf-8"?>
<Project ToolsVersion="4.0" xmlns="http://schemas.microsoft.com/developer/msbuild/2003">
  <ItemGroup>
    <Filter Include="Source Files">
      <UniqueIdentifier>{70267f3b-2371-4c75-8df0-d51262e531eb}</UniqueIdentifier>
    </Filter>
    <Filter Include="Generated Files">
      <UniqueIdentifier>{2df89342-1906-48a6-a15c-e239eac84e6c}</UniqueIdentifier>
      <SourceControlFiles>False</SourceControlFiles>
    </Filter>
  </ItemGroup>
  <ItemGroup>
    <None Include="COMScalesps.def" />
  </ItemGroup>
  <ItemGroup>
    <ClCompile Include="COMScales_i.c">
      <Filter>Generated Files</Filter>
    </ClCompile>
    <ClCompile Include="COMScales_p.c">
      <Filter>Generated Files</Filter>
    </ClCompile>
    <ClCompile Include="dlldata.c">
      <Filter>Generated Files</Filter>
    </ClCompile>
  </ItemGroup>
</Project>